{
  "object": {
    "pins": [
      {
        "package": "ExtenSwift",
        "repositoryURL": "git@github.com:abeldemoz/ExtenSwift.git",
        "state": {
          "branch": null,
          "revision": "c17e1a4b23cd18bab57e1005659ad52882e7ccaf",
          "version": "1.0.0"
        }
      }
    ]
  },
  "version": 1
}
