// !$*UTF8*$!
{
	archiveVersion = 1;
	classes = {
	};
	objectVersion = 55;
	objects = {

/* Begin PBXBuildFile section */
		E714B5E128491C3D00A08ACF /* AppDelegate.swift in Sources */ = {isa = PBXBuildFile; fileRef = E714B5E028491C3D00A08ACF /* AppDelegate.swift */; };
		E714B5E328491C3D00A08ACF /* SceneDelegate.swift in Sources */ = {isa = PBXBuildFile; fileRef = E714B5E228491C3D00A08ACF /* SceneDelegate.swift */; };
		E714B5E528491C3D00A08ACF /* ViewController.swift in Sources */ = {isa = PBXBuildFile; fileRef = E714B5E428491C3D00A08ACF /* ViewController.swift */; };
		E714B5EA28491C3E00A08ACF /* Assets.xcassets in Resources */ = {isa = PBXBuildFile; fileRef = E714B5E928491C3E00A08ACF /* Assets.xcassets */; };
		E714B5ED28491C3E00A08ACF /* LaunchScreen.storyboard in Resources */ = {isa = PBXBuildFile; fileRef = E714B5EB28491C3E00A08ACF /* LaunchScreen.storyboard */; };
		E714B5F3284923C200A08ACF /* TabBarVC.swift in Sources */ = {isa = PBXBuildFile; fileRef = E714B5F2284923C200A08ACF /* TabBarVC.swift */; };
		E714B5F5284925F000A08ACF /* SearchVC.swift in Sources */ = {isa = PBXBuildFile; fileRef = E714B5F4284925F000A08ACF /* SearchVC.swift */; };
		E714B5F8284950D400A08ACF /* DownloadsVC.swift in Sources */ = {isa = PBXBuildFile; fileRef = E714B5F7284950D400A08ACF /* DownloadsVC.swift */; };
		E714B7CA284A04F000A08ACF /* PodcastPhoneTests.swift in Sources */ = {isa = PBXBuildFile; fileRef = E714B7C9284A04F000A08ACF /* PodcastPhoneTests.swift */; };
		E714B7D7284A052500A08ACF /* PodcastTabletTests.swift in Sources */ = {isa = PBXBuildFile; fileRef = E714B7D6284A052500A08ACF /* PodcastTabletTests.swift */; };
		E71C840D284B751B00A47AA3 /* ExtenSwift in Frameworks */ = {isa = PBXBuildFile; productRef = E71C840C284B751B00A47AA3 /* ExtenSwift */; };
		E71C840F284B752300A47AA3 /* ExtenSwift in Frameworks */ = {isa = PBXBuildFile; productRef = E71C840E284B752300A47AA3 /* ExtenSwift */; };
		E7578253284AC29B00D6421F /* PodcastAudio in Frameworks */ = {isa = PBXBuildFile; productRef = E7578252284AC29B00D6421F /* PodcastAudio */; };
		E7578255284AC29B00D6421F /* PodcastData in Frameworks */ = {isa = PBXBuildFile; productRef = E7578254284AC29B00D6421F /* PodcastData */; };
		E7578257284AC29B00D6421F /* PodcastNetwork in Frameworks */ = {isa = PBXBuildFile; productRef = E7578256284AC29B00D6421F /* PodcastNetwork */; };
		E7578269284AC68000D6421F /* PodcastAudio in Frameworks */ = {isa = PBXBuildFile; productRef = E7578268284AC68000D6421F /* PodcastAudio */; };
		E757826B284AC68000D6421F /* PodcastData in Frameworks */ = {isa = PBXBuildFile; productRef = E757826A284AC68000D6421F /* PodcastData */; };
		E757826D284AC68000D6421F /* PodcastNetwork in Frameworks */ = {isa = PBXBuildFile; productRef = E757826C284AC68000D6421F /* PodcastNetwork */; };
		E79D9FD927CA79BF00932E89 /* AppDelegate.swift in Sources */ = {isa = PBXBuildFile; fileRef = E79D9FD827CA79BF00932E89 /* AppDelegate.swift */; };
		E79D9FDB27CA79BF00932E89 /* SceneDelegate.swift in Sources */ = {isa = PBXBuildFile; fileRef = E79D9FDA27CA79BF00932E89 /* SceneDelegate.swift */; };
		E79D9FDD27CA79BF00932E89 /* FavoritesVC.swift in Sources */ = {isa = PBXBuildFile; fileRef = E79D9FDC27CA79BF00932E89 /* FavoritesVC.swift */; };
		E79D9FE227CA79BF00932E89 /* Assets.xcassets in Resources */ = {isa = PBXBuildFile; fileRef = E79D9FE127CA79BF00932E89 /* Assets.xcassets */; };
		E79D9FE527CA79BF00932E89 /* LaunchScreen.storyboard in Resources */ = {isa = PBXBuildFile; fileRef = E79D9FE327CA79BF00932E89 /* LaunchScreen.storyboard */; };
/* End PBXBuildFile section */

/* Begin PBXContainerItemProxy section */
		E714B7CB284A04F000A08ACF /* PBXContainerItemProxy */ = {
			isa = PBXContainerItemProxy;
			containerPortal = E79D9FCD27CA79BF00932E89 /* Project object */;
			proxyType = 1;
			remoteGlobalIDString = E79D9FD427CA79BF00932E89;
			remoteInfo = PodcastPhone;
		};
		E714B7D8284A052500A08ACF /* PBXContainerItemProxy */ = {
			isa = PBXContainerItemProxy;
			containerPortal = E79D9FCD27CA79BF00932E89 /* Project object */;
			proxyType = 1;
			remoteGlobalIDString = E714B5DD28491C3D00A08ACF;
			remoteInfo = PodcastTablet;
		};
/* End PBXContainerItemProxy section */

/* Begin PBXFileReference section */
		E714B5DE28491C3D00A08ACF /* PodcastTablet.app */ = {isa = PBXFileReference; explicitFileType = wrapper.application; includeInIndex = 0; path = PodcastTablet.app; sourceTree = BUILT_PRODUCTS_DIR; };
		E714B5E028491C3D00A08ACF /* AppDelegate.swift */ = {isa = PBXFileReference; lastKnownFileType = sourcecode.swift; path = AppDelegate.swift; sourceTree = "<group>"; };
		E714B5E228491C3D00A08ACF /* SceneDelegate.swift */ = {isa = PBXFileReference; lastKnownFileType = sourcecode.swift; path = SceneDelegate.swift; sourceTree = "<group>"; };
		E714B5E428491C3D00A08ACF /* ViewController.swift */ = {isa = PBXFileReference; lastKnownFileType = sourcecode.swift; path = ViewController.swift; sourceTree = "<group>"; };
		E714B5E928491C3E00A08ACF /* Assets.xcassets */ = {isa = PBXFileReference; lastKnownFileType = folder.assetcatalog; path = Assets.xcassets; sourceTree = "<group>"; };
		E714B5EC28491C3E00A08ACF /* Base */ = {isa = PBXFileReference; lastKnownFileType = file.storyboard; name = Base; path = Base.lproj/LaunchScreen.storyboard; sourceTree = "<group>"; };
		E714B5EE28491C3E00A08ACF /* Info.plist */ = {isa = PBXFileReference; lastKnownFileType = text.plist.xml; path = Info.plist; sourceTree = "<group>"; };
		E714B5F2284923C200A08ACF /* TabBarVC.swift */ = {isa = PBXFileReference; lastKnownFileType = sourcecode.swift; path = TabBarVC.swift; sourceTree = "<group>"; };
		E714B5F4284925F000A08ACF /* SearchVC.swift */ = {isa = PBXFileReference; lastKnownFileType = sourcecode.swift; path = SearchVC.swift; sourceTree = "<group>"; };
		E714B5F7284950D400A08ACF /* DownloadsVC.swift */ = {isa = PBXFileReference; lastKnownFileType = sourcecode.swift; path = DownloadsVC.swift; sourceTree = "<group>"; };
		E714B7C7284A04F000A08ACF /* PodcastPhoneTests.xctest */ = {isa = PBXFileReference; explicitFileType = wrapper.cfbundle; includeInIndex = 0; path = PodcastPhoneTests.xctest; sourceTree = BUILT_PRODUCTS_DIR; };
		E714B7C9284A04F000A08ACF /* PodcastPhoneTests.swift */ = {isa = PBXFileReference; lastKnownFileType = sourcecode.swift; path = PodcastPhoneTests.swift; sourceTree = "<group>"; };
		E714B7D4284A052500A08ACF /* PodcastTabletTests.xctest */ = {isa = PBXFileReference; explicitFileType = wrapper.cfbundle; includeInIndex = 0; path = PodcastTabletTests.xctest; sourceTree = BUILT_PRODUCTS_DIR; };
		E714B7D6284A052500A08ACF /* PodcastTabletTests.swift */ = {isa = PBXFileReference; lastKnownFileType = sourcecode.swift; path = PodcastTabletTests.swift; sourceTree = "<group>"; };
		E79D9FD527CA79BF00932E89 /* PodcastPhone.app */ = {isa = PBXFileReference; explicitFileType = wrapper.application; includeInIndex = 0; path = PodcastPhone.app; sourceTree = BUILT_PRODUCTS_DIR; };
		E79D9FD827CA79BF00932E89 /* AppDelegate.swift */ = {isa = PBXFileReference; lastKnownFileType = sourcecode.swift; path = AppDelegate.swift; sourceTree = "<group>"; };
		E79D9FDA27CA79BF00932E89 /* SceneDelegate.swift */ = {isa = PBXFileReference; lastKnownFileType = sourcecode.swift; path = SceneDelegate.swift; sourceTree = "<group>"; };
		E79D9FDC27CA79BF00932E89 /* FavoritesVC.swift */ = {isa = PBXFileReference; lastKnownFileType = sourcecode.swift; path = FavoritesVC.swift; sourceTree = "<group>"; };
		E79D9FE127CA79BF00932E89 /* Assets.xcassets */ = {isa = PBXFileReference; lastKnownFileType = folder.assetcatalog; path = Assets.xcassets; sourceTree = "<group>"; };
		E79D9FE427CA79BF00932E89 /* Base */ = {isa = PBXFileReference; lastKnownFileType = file.storyboard; name = Base; path = Base.lproj/LaunchScreen.storyboard; sourceTree = "<group>"; };
		E79D9FE627CA79BF00932E89 /* Info.plist */ = {isa = PBXFileReference; lastKnownFileType = text.plist.xml; path = Info.plist; sourceTree = "<group>"; };
/* End PBXFileReference section */

/* Begin PBXFrameworksBuildPhase section */
		E714B5DB28491C3D00A08ACF /* Frameworks */ = {
			isa = PBXFrameworksBuildPhase;
			buildActionMask = 2147483647;
			files = (
				E7578269284AC68000D6421F /* PodcastAudio in Frameworks */,
				E757826D284AC68000D6421F /* PodcastNetwork in Frameworks */,
				E757826B284AC68000D6421F /* PodcastData in Frameworks */,
				E71C840F284B752300A47AA3 /* ExtenSwift in Frameworks */,
			);
			runOnlyForDeploymentPostprocessing = 0;
		};
		E714B7C4284A04F000A08ACF /* Frameworks */ = {
			isa = PBXFrameworksBuildPhase;
			buildActionMask = 2147483647;
			files = (
			);
			runOnlyForDeploymentPostprocessing = 0;
		};
		E714B7D1284A052500A08ACF /* Frameworks */ = {
			isa = PBXFrameworksBuildPhase;
			buildActionMask = 2147483647;
			files = (
			);
			runOnlyForDeploymentPostprocessing = 0;
		};
		E79D9FD227CA79BF00932E89 /* Frameworks */ = {
			isa = PBXFrameworksBuildPhase;
			buildActionMask = 2147483647;
			files = (
				E7578253284AC29B00D6421F /* PodcastAudio in Frameworks */,
				E7578257284AC29B00D6421F /* PodcastNetwork in Frameworks */,
				E7578255284AC29B00D6421F /* PodcastData in Frameworks */,
				E71C840D284B751B00A47AA3 /* ExtenSwift in Frameworks */,
			);
			runOnlyForDeploymentPostprocessing = 0;
		};
/* End PBXFrameworksBuildPhase section */

/* Begin PBXGroup section */
		E714B5DF28491C3D00A08ACF /* PodcastTablet */ = {
			isa = PBXGroup;
			children = (
				E714B5E028491C3D00A08ACF /* AppDelegate.swift */,
				E714B5E228491C3D00A08ACF /* SceneDelegate.swift */,
				E714B5E428491C3D00A08ACF /* ViewController.swift */,
				E714B5E928491C3E00A08ACF /* Assets.xcassets */,
				E714B5EB28491C3E00A08ACF /* LaunchScreen.storyboard */,
				E714B5EE28491C3E00A08ACF /* Info.plist */,
			);
			path = PodcastTablet;
			sourceTree = "<group>";
		};
		E714B5F62849505600A08ACF /* VCs */ = {
			isa = PBXGroup;
			children = (
				E79D9FDC27CA79BF00932E89 /* FavoritesVC.swift */,
				E714B5F2284923C200A08ACF /* TabBarVC.swift */,
				E714B5F4284925F000A08ACF /* SearchVC.swift */,
				E714B5F7284950D400A08ACF /* DownloadsVC.swift */,
			);
			path = VCs;
			sourceTree = "<group>";
		};
		E714B7C8284A04F000A08ACF /* PodcastPhoneTests */ = {
			isa = PBXGroup;
			children = (
				E714B7C9284A04F000A08ACF /* PodcastPhoneTests.swift */,
			);
			path = PodcastPhoneTests;
			sourceTree = "<group>";
		};
		E714B7D5284A052500A08ACF /* PodcastTabletTests */ = {
			isa = PBXGroup;
			children = (
				E714B7D6284A052500A08ACF /* PodcastTabletTests.swift */,
			);
			path = PodcastTabletTests;
			sourceTree = "<group>";
		};
		E7578251284AC29B00D6421F /* Frameworks */ = {
			isa = PBXGroup;
			children = (
			);
			name = Frameworks;
			sourceTree = "<group>";
		};
		E79D9FCC27CA79BF00932E89 = {
			isa = PBXGroup;
			children = (
				E79D9FD727CA79BF00932E89 /* PodcastPhone */,
				E714B7C8284A04F000A08ACF /* PodcastPhoneTests */,
				E714B5DF28491C3D00A08ACF /* PodcastTablet */,
				E714B7D5284A052500A08ACF /* PodcastTabletTests */,
				E79D9FD627CA79BF00932E89 /* Products */,
				E7578251284AC29B00D6421F /* Frameworks */,
			);
			sourceTree = "<group>";
		};
		E79D9FD627CA79BF00932E89 /* Products */ = {
			isa = PBXGroup;
			children = (
				E79D9FD527CA79BF00932E89 /* PodcastPhone.app */,
				E714B5DE28491C3D00A08ACF /* PodcastTablet.app */,
				E714B7C7284A04F000A08ACF /* PodcastPhoneTests.xctest */,
				E714B7D4284A052500A08ACF /* PodcastTabletTests.xctest */,
			);
			name = Products;
			sourceTree = "<group>";
		};
		E79D9FD727CA79BF00932E89 /* PodcastPhone */ = {
			isa = PBXGroup;
			children = (
				E714B5F62849505600A08ACF /* VCs */,
				E79D9FD827CA79BF00932E89 /* AppDelegate.swift */,
				E79D9FDA27CA79BF00932E89 /* SceneDelegate.swift */,
				E79D9FE127CA79BF00932E89 /* Assets.xcassets */,
				E79D9FE327CA79BF00932E89 /* LaunchScreen.storyboard */,
				E79D9FE627CA79BF00932E89 /* Info.plist */,
			);
			path = PodcastPhone;
			sourceTree = "<group>";
		};
/* End PBXGroup section */

/* Begin PBXNativeTarget section */
		E714B5DD28491C3D00A08ACF /* PodcastTablet */ = {
			isa = PBXNativeTarget;
			buildConfigurationList = E714B5EF28491C3E00A08ACF /* Build configuration list for PBXNativeTarget "PodcastTablet" */;
			buildPhases = (
				E714B5DA28491C3D00A08ACF /* Sources */,
				E714B5DB28491C3D00A08ACF /* Frameworks */,
				E714B5DC28491C3D00A08ACF /* Resources */,
			);
			buildRules = (
			);
			dependencies = (
			);
			name = PodcastTablet;
			packageProductDependencies = (
				E7578268284AC68000D6421F /* PodcastAudio */,
				E757826A284AC68000D6421F /* PodcastData */,
				E757826C284AC68000D6421F /* PodcastNetwork */,
				E71C840E284B752300A47AA3 /* ExtenSwift */,
			);
			productName = PodcastTablet;
			productReference = E714B5DE28491C3D00A08ACF /* PodcastTablet.app */;
			productType = "com.apple.product-type.application";
		};
		E714B7C6284A04F000A08ACF /* PodcastPhoneTests */ = {
			isa = PBXNativeTarget;
			buildConfigurationList = E714B7CD284A04F000A08ACF /* Build configuration list for PBXNativeTarget "PodcastPhoneTests" */;
			buildPhases = (
				E714B7C3284A04F000A08ACF /* Sources */,
				E714B7C4284A04F000A08ACF /* Frameworks */,
				E714B7C5284A04F000A08ACF /* Resources */,
			);
			buildRules = (
			);
			dependencies = (
				E714B7CC284A04F000A08ACF /* PBXTargetDependency */,
			);
			name = PodcastPhoneTests;
			productName = PodcastPhoneTests;
			productReference = E714B7C7284A04F000A08ACF /* PodcastPhoneTests.xctest */;
			productType = "com.apple.product-type.bundle.unit-test";
		};
		E714B7D3284A052500A08ACF /* PodcastTabletTests */ = {
			isa = PBXNativeTarget;
			buildConfigurationList = E714B7DA284A052500A08ACF /* Build configuration list for PBXNativeTarget "PodcastTabletTests" */;
			buildPhases = (
				E714B7D0284A052500A08ACF /* Sources */,
				E714B7D1284A052500A08ACF /* Frameworks */,
				E714B7D2284A052500A08ACF /* Resources */,
			);
			buildRules = (
			);
			dependencies = (
				E714B7D9284A052500A08ACF /* PBXTargetDependency */,
			);
			name = PodcastTabletTests;
			productName = PodcastTabletTests;
			productReference = E714B7D4284A052500A08ACF /* PodcastTabletTests.xctest */;
			productType = "com.apple.product-type.bundle.unit-test";
		};
		E79D9FD427CA79BF00932E89 /* PodcastPhone */ = {
			isa = PBXNativeTarget;
			buildConfigurationList = E79D9FFF27CA79BF00932E89 /* Build configuration list for PBXNativeTarget "PodcastPhone" */;
			buildPhases = (
				E79D9FD127CA79BF00932E89 /* Sources */,
				E79D9FD227CA79BF00932E89 /* Frameworks */,
				E79D9FD327CA79BF00932E89 /* Resources */,
			);
			buildRules = (
			);
			dependencies = (
			);
			name = PodcastPhone;
			packageProductDependencies = (
				E7578252284AC29B00D6421F /* PodcastAudio */,
				E7578254284AC29B00D6421F /* PodcastData */,
				E7578256284AC29B00D6421F /* PodcastNetwork */,
				E71C840C284B751B00A47AA3 /* ExtenSwift */,
			);
			productName = PodcastMobile;
			productReference = E79D9FD527CA79BF00932E89 /* PodcastPhone.app */;
			productType = "com.apple.product-type.application";
		};
/* End PBXNativeTarget section */

/* Begin PBXProject section */
		E79D9FCD27CA79BF00932E89 /* Project object */ = {
			isa = PBXProject;
			attributes = {
				BuildIndependentTargetsInParallel = 1;
				LastSwiftUpdateCheck = 1340;
				LastUpgradeCheck = 1320;
				TargetAttributes = {
					E714B5DD28491C3D00A08ACF = {
						CreatedOnToolsVersion = 13.4;
					};
					E714B7C6284A04F000A08ACF = {
						CreatedOnToolsVersion = 13.4;
						TestTargetID = E79D9FD427CA79BF00932E89;
					};
					E714B7D3284A052500A08ACF = {
						CreatedOnToolsVersion = 13.4;
						TestTargetID = E714B5DD28491C3D00A08ACF;
					};
					E79D9FD427CA79BF00932E89 = {
						CreatedOnToolsVersion = 13.2.1;
					};
				};
			};
			buildConfigurationList = E79D9FD027CA79BF00932E89 /* Build configuration list for PBXProject "PodcastMobile" */;
			compatibilityVersion = "Xcode 13.0";
			developmentRegion = en;
			hasScannedForEncodings = 0;
			knownRegions = (
				en,
				Base,
			);
			mainGroup = E79D9FCC27CA79BF00932E89;
			packageReferences = (
				E71C8409284B74B800A47AA3 /* XCRemoteSwiftPackageReference "ExtenSwift" */,
			);
			productRefGroup = E79D9FD627CA79BF00932E89 /* Products */;
			projectDirPath = "";
			projectRoot = "";
			targets = (
				E79D9FD427CA79BF00932E89 /* PodcastPhone */,
				E714B7C6284A04F000A08ACF /* PodcastPhoneTests */,
				E714B5DD28491C3D00A08ACF /* PodcastTablet */,
				E714B7D3284A052500A08ACF /* PodcastTabletTests */,
			);
		};
/* End PBXProject section */

/* Begin PBXResourcesBuildPhase section */
		E714B5DC28491C3D00A08ACF /* Resources */ = {
			isa = PBXResourcesBuildPhase;
			buildActionMask = 2147483647;
			files = (
				E714B5ED28491C3E00A08ACF /* LaunchScreen.storyboard in Resources */,
				E714B5EA28491C3E00A08ACF /* Assets.xcassets in Resources */,
			);
			runOnlyForDeploymentPostprocessing = 0;
		};
		E714B7C5284A04F000A08ACF /* Resources */ = {
			isa = PBXResourcesBuildPhase;
			buildActionMask = 2147483647;
			files = (
			);
			runOnlyForDeploymentPostprocessing = 0;
		};
		E714B7D2284A052500A08ACF /* Resources */ = {
			isa = PBXResourcesBuildPhase;
			buildActionMask = 2147483647;
			files = (
			);
			runOnlyForDeploymentPostprocessing = 0;
		};
		E79D9FD327CA79BF00932E89 /* Resources */ = {
			isa = PBXResourcesBuildPhase;
			buildActionMask = 2147483647;
			files = (
				E79D9FE527CA79BF00932E89 /* LaunchScreen.storyboard in Resources */,
				E79D9FE227CA79BF00932E89 /* Assets.xcassets in Resources */,
			);
			runOnlyForDeploymentPostprocessing = 0;
		};
/* End PBXResourcesBuildPhase section */

/* Begin PBXSourcesBuildPhase section */
		E714B5DA28491C3D00A08ACF /* Sources */ = {
			isa = PBXSourcesBuildPhase;
			buildActionMask = 2147483647;
			files = (
				E714B5E528491C3D00A08ACF /* ViewController.swift in Sources */,
				E714B5E128491C3D00A08ACF /* AppDelegate.swift in Sources */,
				E714B5E328491C3D00A08ACF /* SceneDelegate.swift in Sources */,
			);
			runOnlyForDeploymentPostprocessing = 0;
		};
		E714B7C3284A04F000A08ACF /* Sources */ = {
			isa = PBXSourcesBuildPhase;
			buildActionMask = 2147483647;
			files = (
				E714B7CA284A04F000A08ACF /* PodcastPhoneTests.swift in Sources */,
			);
			runOnlyForDeploymentPostprocessing = 0;
		};
		E714B7D0284A052500A08ACF /* Sources */ = {
			isa = PBXSourcesBuildPhase;
			buildActionMask = 2147483647;
			files = (
				E714B7D7284A052500A08ACF /* PodcastTabletTests.swift in Sources */,
			);
			runOnlyForDeploymentPostprocessing = 0;
		};
		E79D9FD127CA79BF00932E89 /* Sources */ = {
			isa = PBXSourcesBuildPhase;
			buildActionMask = 2147483647;
			files = (
				E714B5F3284923C200A08ACF /* TabBarVC.swift in Sources */,
				E79D9FDD27CA79BF00932E89 /* FavoritesVC.swift in Sources */,
				E79D9FD927CA79BF00932E89 /* AppDelegate.swift in Sources */,
				E79D9FDB27CA79BF00932E89 /* SceneDelegate.swift in Sources */,
				E714B5F8284950D400A08ACF /* DownloadsVC.swift in Sources */,
				E714B5F5284925F000A08ACF /* SearchVC.swift in Sources */,
			);
			runOnlyForDeploymentPostprocessing = 0;
		};
/* End PBXSourcesBuildPhase section */

/* Begin PBXTargetDependency section */
		E714B7CC284A04F000A08ACF /* PBXTargetDependency */ = {
			isa = PBXTargetDependency;
			target = E79D9FD427CA79BF00932E89 /* PodcastPhone */;
			targetProxy = E714B7CB284A04F000A08ACF /* PBXContainerItemProxy */;
		};
		E714B7D9284A052500A08ACF /* PBXTargetDependency */ = {
			isa = PBXTargetDependency;
			target = E714B5DD28491C3D00A08ACF /* PodcastTablet */;
			targetProxy = E714B7D8284A052500A08ACF /* PBXContainerItemProxy */;
		};
/* End PBXTargetDependency section */

/* Begin PBXVariantGroup section */
		E714B5EB28491C3E00A08ACF /* LaunchScreen.storyboard */ = {
			isa = PBXVariantGroup;
			children = (
				E714B5EC28491C3E00A08ACF /* Base */,
			);
			name = LaunchScreen.storyboard;
			sourceTree = "<group>";
		};
		E79D9FE327CA79BF00932E89 /* LaunchScreen.storyboard */ = {
			isa = PBXVariantGroup;
			children = (
				E79D9FE427CA79BF00932E89 /* Base */,
			);
			name = LaunchScreen.storyboard;
			sourceTree = "<group>";
		};
/* End PBXVariantGroup section */

/* Begin XCBuildConfiguration section */
		E714B5F028491C3E00A08ACF /* Debug */ = {
			isa = XCBuildConfiguration;
			buildSettings = {
				ASSETCATALOG_COMPILER_APPICON_NAME = AppIcon;
				ASSETCATALOG_COMPILER_GLOBAL_ACCENT_COLOR_NAME = AccentColor;
				CODE_SIGN_STYLE = Automatic;
				CURRENT_PROJECT_VERSION = 1;
				DEVELOPMENT_TEAM = HW6F9686U2;
				GENERATE_INFOPLIST_FILE = YES;
				INFOPLIST_FILE = PodcastTablet/Info.plist;
				INFOPLIST_KEY_UIApplicationSupportsIndirectInputEvents = YES;
				INFOPLIST_KEY_UILaunchStoryboardName = LaunchScreen;
				INFOPLIST_KEY_UISupportedInterfaceOrientations_iPad = "UIInterfaceOrientationPortrait UIInterfaceOrientationPortraitUpsideDown UIInterfaceOrientationLandscapeLeft UIInterfaceOrientationLandscapeRight";
				INFOPLIST_KEY_UISupportedInterfaceOrientations_iPhone = "UIInterfaceOrientationPortrait UIInterfaceOrientationLandscapeLeft UIInterfaceOrientationLandscapeRight";
				IPHONEOS_DEPLOYMENT_TARGET = 15.5;
				LD_RUNPATH_SEARCH_PATHS = (
					"$(inherited)",
					"@executable_path/Frameworks",
				);
				MARKETING_VERSION = 1.0;
				PRODUCT_BUNDLE_IDENTIFIER = com.abeldemoz.PodcastTablet;
				PRODUCT_NAME = "$(TARGET_NAME)";
				SWIFT_EMIT_LOC_STRINGS = YES;
				SWIFT_VERSION = 5.0;
				TARGETED_DEVICE_FAMILY = 2;
			};
			name = Debug;
		};
		E714B5F128491C3E00A08ACF /* Release */ = {
			isa = XCBuildConfiguration;
			buildSettings = {
				ASSETCATALOG_COMPILER_APPICON_NAME = AppIcon;
				ASSETCATALOG_COMPILER_GLOBAL_ACCENT_COLOR_NAME = AccentColor;
				CODE_SIGN_STYLE = Automatic;
				CURRENT_PROJECT_VERSION = 1;
				DEVELOPMENT_TEAM = HW6F9686U2;
				GENERATE_INFOPLIST_FILE = YES;
				INFOPLIST_FILE = PodcastTablet/Info.plist;
				INFOPLIST_KEY_UIApplicationSupportsIndirectInputEvents = YES;
				INFOPLIST_KEY_UILaunchStoryboardName = LaunchScreen;
				INFOPLIST_KEY_UISupportedInterfaceOrientations_iPad = "UIInterfaceOrientationPortrait UIInterfaceOrientationPortraitUpsideDown UIInterfaceOrientationLandscapeLeft UIInterfaceOrientationLandscapeRight";
				INFOPLIST_KEY_UISupportedInterfaceOrientations_iPhone = "UIInterfaceOrientationPortrait UIInterfaceOrientationLandscapeLeft UIInterfaceOrientationLandscapeRight";
				IPHONEOS_DEPLOYMENT_TARGET = 15.5;
				LD_RUNPATH_SEARCH_PATHS = (
					"$(inherited)",
					"@executable_path/Frameworks",
				);
				MARKETING_VERSION = 1.0;
				PRODUCT_BUNDLE_IDENTIFIER = com.abeldemoz.PodcastTablet;
				PRODUCT_NAME = "$(TARGET_NAME)";
				SWIFT_EMIT_LOC_STRINGS = YES;
				SWIFT_VERSION = 5.0;
				TARGETED_DEVICE_FAMILY = 2;
			};
			name = Release;
		};
		E714B7CE284A04F000A08ACF /* Debug */ = {
			isa = XCBuildConfiguration;
			buildSettings = {
				BUNDLE_LOADER = "$(TEST_HOST)";
				CODE_SIGN_STYLE = Automatic;
				CURRENT_PROJECT_VERSION = 1;
				DEVELOPMENT_TEAM = HW6F9686U2;
				GENERATE_INFOPLIST_FILE = YES;
				IPHONEOS_DEPLOYMENT_TARGET = 15.5;
				MARKETING_VERSION = 1.0;
				PRODUCT_BUNDLE_IDENTIFIER = com.abeldemoz.PodcastPhoneTests;
				PRODUCT_NAME = "$(TARGET_NAME)";
				SWIFT_EMIT_LOC_STRINGS = NO;
				SWIFT_VERSION = 5.0;
				TARGETED_DEVICE_FAMILY = "1,2";
				TEST_HOST = "$(BUILT_PRODUCTS_DIR)/PodcastPhone.app/PodcastPhone";
			};
			name = Debug;
		};
		E714B7CF284A04F000A08ACF /* Release */ = {
			isa = XCBuildConfiguration;
			buildSettings = {
				BUNDLE_LOADER = "$(TEST_HOST)";
				CODE_SIGN_STYLE = Automatic;
				CURRENT_PROJECT_VERSION = 1;
				DEVELOPMENT_TEAM = HW6F9686U2;
				GENERATE_INFOPLIST_FILE = YES;
				IPHONEOS_DEPLOYMENT_TARGET = 15.5;
				MARKETING_VERSION = 1.0;
				PRODUCT_BUNDLE_IDENTIFIER = com.abeldemoz.PodcastPhoneTests;
				PRODUCT_NAME = "$(TARGET_NAME)";
				SWIFT_EMIT_LOC_STRINGS = NO;
				SWIFT_VERSION = 5.0;
				TARGETED_DEVICE_FAMILY = "1,2";
				TEST_HOST = "$(BUILT_PRODUCTS_DIR)/PodcastPhone.app/PodcastPhone";
			};
			name = Release;
		};
		E714B7DB284A052500A08ACF /* Debug */ = {
			isa = XCBuildConfiguration;
			buildSettings = {
				BUNDLE_LOADER = "$(TEST_HOST)";
				CODE_SIGN_STYLE = Automatic;
				CURRENT_PROJECT_VERSION = 1;
				DEVELOPMENT_TEAM = HW6F9686U2;
				GENERATE_INFOPLIST_FILE = YES;
				IPHONEOS_DEPLOYMENT_TARGET = 15.5;
				MARKETING_VERSION = 1.0;
				PRODUCT_BUNDLE_IDENTIFIER = com.abeldemoz.PodcastTabletTests;
				PRODUCT_NAME = "$(TARGET_NAME)";
				SWIFT_EMIT_LOC_STRINGS = NO;
				SWIFT_VERSION = 5.0;
				TARGETED_DEVICE_FAMILY = "1,2";
				TEST_HOST = "$(BUILT_PRODUCTS_DIR)/PodcastTablet.app/PodcastTablet";
			};
			name = Debug;
		};
		E714B7DC284A052500A08ACF /* Release */ = {
			isa = XCBuildConfiguration;
			buildSettings = {
				BUNDLE_LOADER = "$(TEST_HOST)";
				CODE_SIGN_STYLE = Automatic;
				CURRENT_PROJECT_VERSION = 1;
				DEVELOPMENT_TEAM = HW6F9686U2;
				GENERATE_INFOPLIST_FILE = YES;
				IPHONEOS_DEPLOYMENT_TARGET = 15.5;
				MARKETING_VERSION = 1.0;
				PRODUCT_BUNDLE_IDENTIFIER = com.abeldemoz.PodcastTabletTests;
				PRODUCT_NAME = "$(TARGET_NAME)";
				SWIFT_EMIT_LOC_STRINGS = NO;
				SWIFT_VERSION = 5.0;
				TARGETED_DEVICE_FAMILY = "1,2";
				TEST_HOST = "$(BUILT_PRODUCTS_DIR)/PodcastTablet.app/PodcastTablet";
			};
			name = Release;
		};
		E79D9FFD27CA79BF00932E89 /* Debug */ = {
			isa = XCBuildConfiguration;
			buildSettings = {
				ALWAYS_SEARCH_USER_PATHS = NO;
				CLANG_ANALYZER_NONNULL = YES;
				CLANG_ANALYZER_NUMBER_OBJECT_CONVERSION = YES_AGGRESSIVE;
				CLANG_CXX_LANGUAGE_STANDARD = "gnu++17";
				CLANG_CXX_LIBRARY = "libc++";
				CLANG_ENABLE_MODULES = YES;
				CLANG_ENABLE_OBJC_ARC = YES;
				CLANG_ENABLE_OBJC_WEAK = YES;
				CLANG_WARN_BLOCK_CAPTURE_AUTORELEASING = YES;
				CLANG_WARN_BOOL_CONVERSION = YES;
				CLANG_WARN_COMMA = YES;
				CLANG_WARN_CONSTANT_CONVERSION = YES;
				CLANG_WARN_DEPRECATED_OBJC_IMPLEMENTATIONS = YES;
				CLANG_WARN_DIRECT_OBJC_ISA_USAGE = YES_ERROR;
				CLANG_WARN_DOCUMENTATION_COMMENTS = YES;
				CLANG_WARN_EMPTY_BODY = YES;
				CLANG_WARN_ENUM_CONVERSION = YES;
				CLANG_WARN_INFINITE_RECURSION = YES;
				CLANG_WARN_INT_CONVERSION = YES;
				CLANG_WARN_NON_LITERAL_NULL_CONVERSION = YES;
				CLANG_WARN_OBJC_IMPLICIT_RETAIN_SELF = YES;
				CLANG_WARN_OBJC_LITERAL_CONVERSION = YES;
				CLANG_WARN_OBJC_ROOT_CLASS = YES_ERROR;
				CLANG_WARN_QUOTED_INCLUDE_IN_FRAMEWORK_HEADER = YES;
				CLANG_WARN_RANGE_LOOP_ANALYSIS = YES;
				CLANG_WARN_STRICT_PROTOTYPES = YES;
				CLANG_WARN_SUSPICIOUS_MOVE = YES;
				CLANG_WARN_UNGUARDED_AVAILABILITY = YES_AGGRESSIVE;
				CLANG_WARN_UNREACHABLE_CODE = YES;
				CLANG_WARN__DUPLICATE_METHOD_MATCH = YES;
				COPY_PHASE_STRIP = NO;
				DEBUG_INFORMATION_FORMAT = dwarf;
				ENABLE_STRICT_OBJC_MSGSEND = YES;
				ENABLE_TESTABILITY = YES;
				GCC_C_LANGUAGE_STANDARD = gnu11;
				GCC_DYNAMIC_NO_PIC = NO;
				GCC_NO_COMMON_BLOCKS = YES;
				GCC_OPTIMIZATION_LEVEL = 0;
				GCC_PREPROCESSOR_DEFINITIONS = (
					"DEBUG=1",
					"$(inherited)",
				);
				GCC_WARN_64_TO_32_BIT_CONVERSION = YES;
				GCC_WARN_ABOUT_RETURN_TYPE = YES_ERROR;
				GCC_WARN_UNDECLARED_SELECTOR = YES;
				GCC_WARN_UNINITIALIZED_AUTOS = YES_AGGRESSIVE;
				GCC_WARN_UNUSED_FUNCTION = YES;
				GCC_WARN_UNUSED_VARIABLE = YES;
				IPHONEOS_DEPLOYMENT_TARGET = 15.2;
				MTL_ENABLE_DEBUG_INFO = INCLUDE_SOURCE;
				MTL_FAST_MATH = YES;
				ONLY_ACTIVE_ARCH = YES;
				SDKROOT = iphoneos;
				SWIFT_ACTIVE_COMPILATION_CONDITIONS = DEBUG;
				SWIFT_OPTIMIZATION_LEVEL = "-Onone";
			};
			name = Debug;
		};
		E79D9FFE27CA79BF00932E89 /* Release */ = {
			isa = XCBuildConfiguration;
			buildSettings = {
				ALWAYS_SEARCH_USER_PATHS = NO;
				CLANG_ANALYZER_NONNULL = YES;
				CLANG_ANALYZER_NUMBER_OBJECT_CONVERSION = YES_AGGRESSIVE;
				CLANG_CXX_LANGUAGE_STANDARD = "gnu++17";
				CLANG_CXX_LIBRARY = "libc++";
				CLANG_ENABLE_MODULES = YES;
				CLANG_ENABLE_OBJC_ARC = YES;
				CLANG_ENABLE_OBJC_WEAK = YES;
				CLANG_WARN_BLOCK_CAPTURE_AUTORELEASING = YES;
				CLANG_WARN_BOOL_CONVERSION = YES;
				CLANG_WARN_COMMA = YES;
				CLANG_WARN_CONSTANT_CONVERSION = YES;
				CLANG_WARN_DEPRECATED_OBJC_IMPLEMENTATIONS = YES;
				CLANG_WARN_DIRECT_OBJC_ISA_USAGE = YES_ERROR;
				CLANG_WARN_DOCUMENTATION_COMMENTS = YES;
				CLANG_WARN_EMPTY_BODY = YES;
				CLANG_WARN_ENUM_CONVERSION = YES;
				CLANG_WARN_INFINITE_RECURSION = YES;
				CLANG_WARN_INT_CONVERSION = YES;
				CLANG_WARN_NON_LITERAL_NULL_CONVERSION = YES;
				CLANG_WARN_OBJC_IMPLICIT_RETAIN_SELF = YES;
				CLANG_WARN_OBJC_LITERAL_CONVERSION = YES;
				CLANG_WARN_OBJC_ROOT_CLASS = YES_ERROR;
				CLANG_WARN_QUOTED_INCLUDE_IN_FRAMEWORK_HEADER = YES;
				CLANG_WARN_RANGE_LOOP_ANALYSIS = YES;
				CLANG_WARN_STRICT_PROTOTYPES = YES;
				CLANG_WARN_SUSPICIOUS_MOVE = YES;
				CLANG_WARN_UNGUARDED_AVAILABILITY = YES_AGGRESSIVE;
				CLANG_WARN_UNREACHABLE_CODE = YES;
				CLANG_WARN__DUPLICATE_METHOD_MATCH = YES;
				COPY_PHASE_STRIP = NO;
				DEBUG_INFORMATION_FORMAT = "dwarf-with-dsym";
				ENABLE_NS_ASSERTIONS = NO;
				ENABLE_STRICT_OBJC_MSGSEND = YES;
				GCC_C_LANGUAGE_STANDARD = gnu11;
				GCC_NO_COMMON_BLOCKS = YES;
				GCC_WARN_64_TO_32_BIT_CONVERSION = YES;
				GCC_WARN_ABOUT_RETURN_TYPE = YES_ERROR;
				GCC_WARN_UNDECLARED_SELECTOR = YES;
				GCC_WARN_UNINITIALIZED_AUTOS = YES_AGGRESSIVE;
				GCC_WARN_UNUSED_FUNCTION = YES;
				GCC_WARN_UNUSED_VARIABLE = YES;
				IPHONEOS_DEPLOYMENT_TARGET = 15.2;
				MTL_ENABLE_DEBUG_INFO = NO;
				MTL_FAST_MATH = YES;
				SDKROOT = iphoneos;
				SWIFT_COMPILATION_MODE = wholemodule;
				SWIFT_OPTIMIZATION_LEVEL = "-O";
				VALIDATE_PRODUCT = YES;
			};
			name = Release;
		};
		E79DA00027CA79BF00932E89 /* Debug */ = {
			isa = XCBuildConfiguration;
			buildSettings = {
				ASSETCATALOG_COMPILER_APPICON_NAME = AppIcon;
				ASSETCATALOG_COMPILER_GLOBAL_ACCENT_COLOR_NAME = AccentColor;
				CODE_SIGN_STYLE = Automatic;
				CURRENT_PROJECT_VERSION = 1;
				DEVELOPMENT_TEAM = HW6F9686U2;
				GENERATE_INFOPLIST_FILE = YES;
				INFOPLIST_FILE = PodcastPhone/Info.plist;
				INFOPLIST_KEY_UIApplicationSupportsIndirectInputEvents = YES;
				INFOPLIST_KEY_UILaunchStoryboardName = LaunchScreen;
				INFOPLIST_KEY_UISupportedInterfaceOrientations = UIInterfaceOrientationPortrait;
				INFOPLIST_KEY_UISupportedInterfaceOrientations_iPad = "UIInterfaceOrientationPortrait UIInterfaceOrientationPortraitUpsideDown UIInterfaceOrientationLandscapeLeft UIInterfaceOrientationLandscapeRight";
				INFOPLIST_KEY_UISupportedInterfaceOrientations_iPhone = "UIInterfaceOrientationPortrait UIInterfaceOrientationLandscapeLeft UIInterfaceOrientationLandscapeRight";
				LD_RUNPATH_SEARCH_PATHS = (
					"$(inherited)",
					"@executable_path/Frameworks",
				);
				MARKETING_VERSION = 1.0;
				PRODUCT_BUNDLE_IDENTIFIER = com.abeldemoz.PodcastMobile;
				PRODUCT_NAME = "$(TARGET_NAME)";
				SWIFT_EMIT_LOC_STRINGS = YES;
				SWIFT_VERSION = 5.0;
				TARGETED_DEVICE_FAMILY = 1;
			};
			name = Debug;
		};
		E79DA00127CA79BF00932E89 /* Release */ = {
			isa = XCBuildConfiguration;
			buildSettings = {
				ASSETCATALOG_COMPILER_APPICON_NAME = AppIcon;
				ASSETCATALOG_COMPILER_GLOBAL_ACCENT_COLOR_NAME = AccentColor;
				CODE_SIGN_STYLE = Automatic;
				CURRENT_PROJECT_VERSION = 1;
				DEVELOPMENT_TEAM = HW6F9686U2;
				GENERATE_INFOPLIST_FILE = YES;
				INFOPLIST_FILE = PodcastPhone/Info.plist;
				INFOPLIST_KEY_UIApplicationSupportsIndirectInputEvents = YES;
				INFOPLIST_KEY_UILaunchStoryboardName = LaunchScreen;
				INFOPLIST_KEY_UISupportedInterfaceOrientations = UIInterfaceOrientationPortrait;
				INFOPLIST_KEY_UISupportedInterfaceOrientations_iPad = "UIInterfaceOrientationPortrait UIInterfaceOrientationPortraitUpsideDown UIInterfaceOrientationLandscapeLeft UIInterfaceOrientationLandscapeRight";
				INFOPLIST_KEY_UISupportedInterfaceOrientations_iPhone = "UIInterfaceOrientationPortrait UIInterfaceOrientationLandscapeLeft UIInterfaceOrientationLandscapeRight";
				LD_RUNPATH_SEARCH_PATHS = (
					"$(inherited)",
					"@executable_path/Frameworks",
				);
				MARKETING_VERSION = 1.0;
				PRODUCT_BUNDLE_IDENTIFIER = com.abeldemoz.PodcastMobile;
				PRODUCT_NAME = "$(TARGET_NAME)";
				SWIFT_EMIT_LOC_STRINGS = YES;
				SWIFT_VERSION = 5.0;
				TARGETED_DEVICE_FAMILY = 1;
			};
			name = Release;
		};
/* End XCBuildConfiguration section */

/* Begin XCConfigurationList section */
		E714B5EF28491C3E00A08ACF /* Build configuration list for PBXNativeTarget "PodcastTablet" */ = {
			isa = XCConfigurationList;
			buildConfigurations = (
				E714B5F028491C3E00A08ACF /* Debug */,
				E714B5F128491C3E00A08ACF /* Release */,
			);
			defaultConfigurationIsVisible = 0;
			defaultConfigurationName = Release;
		};
		E714B7CD284A04F000A08ACF /* Build configuration list for PBXNativeTarget "PodcastPhoneTests" */ = {
			isa = XCConfigurationList;
			buildConfigurations = (
				E714B7CE284A04F000A08ACF /* Debug */,
				E714B7CF284A04F000A08ACF /* Release */,
			);
			defaultConfigurationIsVisible = 0;
			defaultConfigurationName = Release;
		};
		E714B7DA284A052500A08ACF /* Build configuration list for PBXNativeTarget "PodcastTabletTests" */ = {
			isa = XCConfigurationList;
			buildConfigurations = (
				E714B7DB284A052500A08ACF /* Debug */,
				E714B7DC284A052500A08ACF /* Release */,
			);
			defaultConfigurationIsVisible = 0;
			defaultConfigurationName = Release;
		};
		E79D9FD027CA79BF00932E89 /* Build configuration list for PBXProject "PodcastMobile" */ = {
			isa = XCConfigurationList;
			buildConfigurations = (
				E79D9FFD27CA79BF00932E89 /* Debug */,
				E79D9FFE27CA79BF00932E89 /* Release */,
			);
			defaultConfigurationIsVisible = 0;
			defaultConfigurationName = Release;
		};
		E79D9FFF27CA79BF00932E89 /* Build configuration list for PBXNativeTarget "PodcastPhone" */ = {
			isa = XCConfigurationList;
			buildConfigurations = (
				E79DA00027CA79BF00932E89 /* Debug */,
				E79DA00127CA79BF00932E89 /* Release */,
			);
			defaultConfigurationIsVisible = 0;
			defaultConfigurationName = Release;
		};
/* End XCConfigurationList section */

/* Begin XCRemoteSwiftPackageReference section */
		E71C8409284B74B800A47AA3 /* XCRemoteSwiftPackageReference "ExtenSwift" */ = {
			isa = XCRemoteSwiftPackageReference;
			repositoryURL = "git@github.com:abeldemoz/ExtenSwift.git";
			requirement = {
				kind = upToNextMinorVersion;
				minimumVersion = 1.0.0;
			};
		};
/* End XCRemoteSwiftPackageReference section */

/* Begin XCSwiftPackageProductDependency section */
		E71C840C284B751B00A47AA3 /* ExtenSwift */ = {
			isa = XCSwiftPackageProductDependency;
			package = E71C8409284B74B800A47AA3 /* XCRemoteSwiftPackageReference "ExtenSwift" */;
			productName = ExtenSwift;
		};
		E71C840E284B752300A47AA3 /* ExtenSwift */ = {
			isa = XCSwiftPackageProductDependency;
			package = E71C8409284B74B800A47AA3 /* XCRemoteSwiftPackageReference "ExtenSwift" */;
			productName = ExtenSwift;
		};
		E7578252284AC29B00D6421F /* PodcastAudio */ = {
			isa = XCSwiftPackageProductDependency;
			productName = PodcastAudio;
		};
		E7578254284AC29B00D6421F /* PodcastData */ = {
			isa = XCSwiftPackageProductDependency;
			productName = PodcastData;
		};
		E7578256284AC29B00D6421F /* PodcastNetwork */ = {
			isa = XCSwiftPackageProductDependency;
			productName = PodcastNetwork;
		};
		E7578268284AC68000D6421F /* PodcastAudio */ = {
			isa = XCSwiftPackageProductDependency;
			productName = PodcastAudio;
		};
		E757826A284AC68000D6421F /* PodcastData */ = {
			isa = XCSwiftPackageProductDependency;
			productName = PodcastData;
		};
		E757826C284AC68000D6421F /* PodcastNetwork */ = {
			isa = XCSwiftPackageProductDependency;
			productName = PodcastNetwork;
		};
/* End XCSwiftPackageProductDependency section */
	};
	rootObject = E79D9FCD27CA79BF00932E89 /* Project object */;
}
